lockfileVersion: '9.0'

settings:
  autoInstallPeers: true
  excludeLinksFromLockfile: false

importers:

  .:
    dependencies:
      chalk:
        specifier: ^4.1.2
        version: 4.1.2
      fuse.js:
        specifier: ^7.1.0
        version: 7.1.0
      inquirer:
        specifier: ^8.2.7
        version: 8.2.7(@types/node@20.19.43)
    devDependencies:
      '@types/inquirer':
        specifier: ^8.2.12
        version: 8.2.12
      '@types/node':
        specifier: ^20.19.43
        version: 20.19.43
      typescript:
        specifier: ^5.9.3
        version: 5.9.3

packages:

  '@inquirer/external-editor@1.0.3':
    resolution: {integrity: sha1-wjmIKR7mdikP2rP9MG5kAQptE7g=, tarball: http://registry.npm.souche-inc.com/@inquirer/external-editor/download/@inquirer/external-editor-1.0.3.tgz}
    engines: {node: '>=18'}
    peerDependencies:
      '@types/node': '>=18'
    peerDependenciesMeta:
      '@types/node':
        optional: true

  '@types/inquirer@8.2.12':
    resolution: {integrity: sha1-wm2o2P5br/eDgqEDUFnvSWfO56A=, tarball: http://registry.npm.souche-inc.com/@types/inquirer/download/@types/inquirer-8.2.12.tgz}

  '@types/node@20.19.43':
    resolution: {integrity: sha1-/Oz1gLpCoNtVz0BMNyyXlzw3bJc=, tarball: http://registry.npm.souche-inc.com/@types/node/download/@types/node-20.19.43.tgz}

  '@types/through@0.0.33':
    resolution: {integrity: sha1-FOv1mTIOHHhR59WYFJrxg8a56lY=, tarball: http://registry.npm.souche-inc.com/@types/through/download/@types/through-0.0.33.tgz}

  ansi-escapes@4.3.2:
    resolution: {integrity: sha1-ayKR0dt9mLZSHV8e+kLQ86n+tl4=, tarball: http://registry.npm.souche-inc.com/ansi-escapes/download/ansi-escapes-4.3.2.tgz}
    engines: {node: '>=8'}

  ansi-regex@5.0.1:
    resolution: {integrity: sha1-CCyyyJyf6GWaMRpTvWpNxTAdswQ=, tarball: http://registry.npm.souche-inc.com/ansi-regex/download/ansi-regex-5.0.1.tgz}
    engines: {node: '>=8'}

  ansi-styles@4.3.0:
    resolution: {integrity: sha1-7dgDYornHATIWuegkG7a00tkiTc=, tarball: http://registry.npm.souche-inc.com/ansi-styles/download/ansi-styles-4.3.0.tgz}
    engines: {node: '>=8'}

  base64-js@1.5.1:
    resolution: {integrity: sha1-GxtEAWClv3rUC2UPCVljSBkDkwo=, tarball: http://registry.npm.souche-inc.com/base64-js/download/base64-js-1.5.1.tgz}

  bl@4.1.0:
    resolution: {integrity: sha1-RRU1JkGCvsL7vIOmKrmM8R2fezo=, tarball: http://registry.npm.souche-inc.com/bl/download/bl-4.1.0.tgz}

  buffer@5.7.1:
    resolution: {integrity: sha1-umLnwTEzBTWCGXFghRqPZI6Z7tA=, tarball: http://registry.npm.souche-inc.com/buffer/download/buffer-5.7.1.tgz}

  chalk@4.1.2:
    resolution: {integrity: sha1-qsTit3NKdAhnrrFr8CqtVWoeegE=, tarball: http://registry.npm.souche-inc.com/chalk/download/chalk-4.1.2.tgz}
    engines: {node: '>=10'}

  chardet@2.2.0:
    resolution: {integrity: sha1-AF1mTyy9SWGIjS4sMsWmnlnY7sQ=, tarball: http://registry.npm.souche-inc.com/chardet/download/chardet-2.2.0.tgz}

  cli-cursor@3.1.0:
    resolution: {integrity: sha1-JkMFp65JDR0Dvwybp8kl0XU68wc=, tarball: http://registry.npm.souche-inc.com/cli-cursor/download/cli-cursor-3.1.0.tgz}
    engines: {node: '>=8'}

  cli-spinners@2.9.2:
    resolution: {integrity: sha1-F3Oo9LnE1qwxVj31Oz/B15Ri/kE=, tarball: http://registry.npm.souche-inc.com/cli-spinners/download/cli-spinners-2.9.2.tgz}
    engines: {node: '>=6'}

  cli-width@3.0.0:
    resolution: {integrity: sha1-ovSEN6LKqaIkNueUvwceyeYc7fY=, tarball: http://registry.npm.souche-inc.com/cli-width/download/cli-width-3.0.0.tgz}
    engines: {node: '>= 10'}

  clone@1.0.4:
    resolution: {integrity: sha1-2jCcwmPfFZlMaIypAheco8fNfH4=, tarball: http://registry.npm.souche-inc.com/clone/download/clone-1.0.4.tgz}
    engines: {node: '>=0.8'}

  color-convert@2.0.1:
    resolution: {integrity: sha1-ctOmjVmMm9s68q0ehPIdiWq9TeM=, tarball: http://registry.npm.souche-inc.com/color-convert/download/color-convert-2.0.1.tgz}
    engines: {node: '>=7.0.0'}

  color-name@1.1.4:
    resolution: {integrity: sha1-wqCah6y95pVD3m9j+jmVyCbFNqI=, tarball: http://registry.npm.souche-inc.com/color-name/download/color-name-1.1.4.tgz}

  defaults@1.0.4:
    resolution: {integrity: sha1-sLAgYsHiqmL/XZUo8PmLqpCXjXo=, tarball: http://registry.npm.souche-inc.com/defaults/download/defaults-1.0.4.tgz}

  emoji-regex@8.0.0:
    resolution: {integrity: sha1-6Bj9ac5cz8tARZT4QpY79TFkzDc=, tarball: http://registry.npm.souche-inc.com/emoji-regex/download/emoji-regex-8.0.0.tgz}

  escape-string-regexp@1.0.5:
    resolution: {integrity: sha1-G2HAViGQqN/2rjuyzwIAyhMLhtQ=, tarball: http://registry.npm.souche-inc.com/escape-string-regexp/download/escape-string-regexp-1.0.5.tgz}
    engines: {node: '>=0.8.0'}

  figures@3.2.0:
    resolution: {integrity: sha1-YlwYvSk8YE3EqN2y/r8MiDQXRq8=, tarball: http://registry.npm.souche-inc.com/figures/download/figures-3.2.0.tgz}
    engines: {node: '>=8'}

  fuse.js@7.1.0:
    resolution: {integrity: sha1-MGIotL7+7hHgWwJwh8J0QVhSfQk=, tarball: http://registry.npm.souche-inc.com/fuse.js/download/fuse.js-7.1.0.tgz}
    engines: {node: '>=10'}

  has-flag@4.0.0:
    resolution: {integrity: sha1-lEdx/ZyByBJlxNaUGGDaBrtZR5s=, tarball: http://registry.npm.souche-inc.com/has-flag/download/has-flag-4.0.0.tgz}
    engines: {node: '>=8'}

  iconv-lite@0.7.2:
    resolution: {integrity: sha1-0L3qw/ErSDW3NZwq2JxCKk0cxy4=, tarball: http://registry.npm.souche-inc.com/iconv-lite/download/iconv-lite-0.7.2.tgz}
    engines: {node: '>=0.10.0'}

  ieee754@1.2.1:
    resolution: {integrity: sha1-jrehCmP/8l0VpXsAFYbRd9Gw01I=, tarball: http://registry.npm.souche-inc.com/ieee754/download/ieee754-1.2.1.tgz}

  inherits@2.0.4:
    resolution: {integrity: sha1-D6LGT5MpF8NDOg3tVTY6rjdBa3w=, tarball: http://registry.npm.souche-inc.com/inherits/download/inherits-2.0.4.tgz}

  inquirer@8.2.7:
    resolution: {integrity: sha1-Yva5Mam3+HNdxC25JzFtj7b3Heg=, tarball: http://registry.npm.souche-inc.com/inquirer/download/inquirer-8.2.7.tgz}
    engines: {node: '>=12.0.0'}

  is-fullwidth-code-point@3.0.0:
    resolution: {integrity: sha1-8Rb4Bk/pCz94RKOJl8C3UFEmnx0=, tarball: http://registry.npm.souche-inc.com/is-fullwidth-code-point/download/is-fullwidth-code-point-3.0.0.tgz}
    engines: {node: '>=8'}

  is-interactive@1.0.0:
    resolution: {integrity: sha1-zqbmrlyHCnsKAAQHC3tYfgJSkS4=, tarball: http://registry.npm.souche-inc.com/is-interactive/download/is-interactive-1.0.0.tgz}
    engines: {node: '>=8'}

  is-unicode-supported@0.1.0:
    resolution: {integrity: sha1-PybHaoCVk7Ur+i7LVxDtJ3m1Iqc=, tarball: http://registry.npm.souche-inc.com/is-unicode-supported/download/is-unicode-supported-0.1.0.tgz}
    engines: {node: '>=10'}

  lodash@4.18.1:
    resolution: {integrity: sha1-/ytmwfYybVlRPeJAe/iBQ5gSdxw=, tarball: http://registry.npm.souche-inc.com/lodash/download/lodash-4.18.1.tgz}

  log-symbols@4.1.0:
    resolution: {integrity: sha1-P727lbRoOsn8eFER55LlWNSr1QM=, tarball: http://registry.npm.souche-inc.com/log-symbols/download/log-symbols-4.1.0.tgz}
    engines: {node: '>=10'}

  mimic-fn@2.1.0:
    resolution: {integrity: sha1-ftLCzMyvhNP/y3pptXcR/CCDQBs=, tarball: http://registry.npm.souche-inc.com/mimic-fn/download/mimic-fn-2.1.0.tgz}
    engines: {node: '>=6'}

  mute-stream@0.0.8:
    resolution: {integrity: sha1-FjDEKyJR/4HiooPelqVJfqkuXg0=, tarball: http://registry.npm.souche-inc.com/mute-stream/download/mute-stream-0.0.8.tgz}

  onetime@5.1.2:
    resolution: {integrity: sha1-0Oluu1awdHbfHdnEgG5SN5hcpF4=, tarball: http://registry.npm.souche-inc.com/onetime/download/onetime-5.1.2.tgz}
    engines: {node: '>=6'}

  ora@5.4.1:
    resolution: {integrity: sha1-GyZ4Qmr0rEpQkAjl5KyemVnbnhg=, tarball: http://registry.npm.souche-inc.com/ora/download/ora-5.4.1.tgz}
    engines: {node: '>=10'}

  readable-stream@3.6.2:
    resolution: {integrity: sha1-VqmzbqllwAxak+8x6xEaDxEFaWc=, tarball: http://registry.npm.souche-inc.com/readable-stream/download/readable-stream-3.6.2.tgz}
    engines: {node: '>= 6'}

  restore-cursor@3.1.0:
    resolution: {integrity: sha1-OfZ8VLOnpYzqUjbZXPADQjljH34=, tarball: http://registry.npm.souche-inc.com/restore-cursor/download/restore-cursor-3.1.0.tgz}
    engines: {node: '>=8'}

  run-async@2.4.1:
    resolution: {integrity: sha1-hEDsz5nqPnC9QJ1JqriOEMGJpFU=, tarball: http://registry.npm.souche-inc.com/run-async/download/run-async-2.4.1.tgz}
    engines: {node: '>=0.12.0'}

  rxjs@7.8.2:
    resolution: {integrity: sha1-lVvEc+2K8RoAKivlIHG/R1Y4YHs=, tarball: http://registry.npm.souche-inc.com/rxjs/download/rxjs-7.8.2.tgz}

  safe-buffer@5.2.1:
    resolution: {integrity: sha1-Hq+fqb2x/dTsdfWPnNtOa3gn7sY=, tarball: http://registry.npm.souche-inc.com/safe-buffer/download/safe-buffer-5.2.1.tgz}

  safer-buffer@2.1.2:
    resolution: {integrity: sha1-RPoWGwGHuVSd2Eu5GAL5vYOFzWo=, tarball: http://registry.npm.souche-inc.com/safer-buffer/download/safer-buffer-2.1.2.tgz}

  signal-exit@3.0.7:
    resolution: {integrity: sha1-qaF2f4r4QVURTqq9c/mSc8j1mtk=, tarball: http://registry.npm.souche-inc.com/signal-exit/download/signal-exit-3.0.7.tgz}

  string-width@4.2.3:
    resolution: {integrity: sha1-JpxxF9J7Ba0uU2gwqOyJXvnG0BA=, tarball: http://registry.npm.souche-inc.com/string-width/download/string-width-4.2.3.tgz}
    engines: {node: '>=8'}

  string_decoder@1.3.0:
    resolution: {integrity: sha1-QvEUWUpGzxqOMLCoT1bHjD7awh4=, tarball: http://registry.npm.souche-inc.com/string_decoder/download/string_decoder-1.3.0.tgz}

  strip-ansi@6.0.1:
    resolution: {integrity: sha1-nibGPTD1NEPpSJSVshBdN7Z6hdk=, tarball: http://registry.npm.souche-inc.com/strip-ansi/download/strip-ansi-6.0.1.tgz}
    engines: {node: '>=8'}

  supports-color@7.2.0:
    resolution: {integrity: sha1-G33NyzK4E4gBs+R4umpRyqiWSNo=, tarball: http://registry.npm.souche-inc.com/supports-color/download/supports-color-7.2.0.tgz}
    engines: {node: '>=8'}

  through@2.3.8:
    resolution: {integrity: sha1-DdTJ/6q8NXlgsbckEV1+Doai4fU=, tarball: http://registry.npm.souche-inc.com/through/download/through-2.3.8.tgz}

  tslib@2.8.1:
    resolution: {integrity: sha1-YS7+TtI11Wfoq6Xypfq3AoCt6D8=, tarball: http://registry.npm.souche-inc.com/tslib/download/tslib-2.8.1.tgz}

  type-fest@0.21.3:
    resolution: {integrity: sha1-0mCiSwGYQ24TP6JqUkptZfo7Ljc=, tarball: http://registry.npm.souche-inc.com/type-fest/download/type-fest-0.21.3.tgz}
    engines: {node: '>=10'}

  typescript@5.9.3:
    resolution: {integrity: sha1-W09Z4VMQqxeiFvXWz1PuR27eZw8=, tarball: http://registry.npm.souche-inc.com/typescript/download/typescript-5.9.3.tgz}
    engines: {node: '>=14.17'}
    hasBin: true

  undici-types@6.21.0:
    resolution: {integrity: sha1-aR0ArzkJvpOn+qE75hs6W1DvEss=, tarball: http://registry.npm.souche-inc.com/undici-types/download/undici-types-6.21.0.tgz}

  util-deprecate@1.0.2:
    resolution: {integrity: sha1-RQ1Nyfpw3nMnYvvS1KKJgUGaDM8=, tarball: http://registry.npm.souche-inc.com/util-deprecate/download/util-deprecate-1.0.2.tgz}

  wcwidth@1.0.1:
    resolution: {integrity: sha1-8LDc+RW8X/FSivrbLA4XtTLaL+g=, tarball: http://registry.npm.souche-inc.com/wcwidth/download/wcwidth-1.0.1.tgz}

  wrap-ansi@6.2.0:
    resolution: {integrity: sha1-6Tk7oHEC5skaOyIUePAlfNKFblM=, tarball: http://registry.npm.souche-inc.com/wrap-ansi/download/wrap-ansi-6.2.0.tgz}
    engines: {node: '>=8'}

snapshots:

  '@inquirer/external-editor@1.0.3(@types/node@20.19.43)':
    dependencies:
      chardet: 2.2.0
      iconv-lite: 0.7.2
    optionalDependencies:
      '@types/node': 20.19.43

  '@types/inquirer@8.2.12':
    dependencies:
      '@types/through': 0.0.33
      rxjs: 7.8.2

  '@types/node@20.19.43':
    dependencies:
      undici-types: 6.21.0

  '@types/through@0.0.33':
    dependencies:
      '@types/node': 20.19.43

  ansi-escapes@4.3.2:
    dependencies:
      type-fest: 0.21.3

  ansi-regex@5.0.1: {}

  ansi-styles@4.3.0:
    dependencies:
      color-convert: 2.0.1

  base64-js@1.5.1: {}

  bl@4.1.0:
    dependencies:
      buffer: 5.7.1
      inherits: 2.0.4
      readable-stream: 3.6.2

  buffer@5.7.1:
    dependencies:
      base64-js: 1.5.1
      ieee754: 1.2.1

  chalk@4.1.2:
    dependencies:
      ansi-styles: 4.3.0
      supports-color: 7.2.0

  chardet@2.2.0: {}

  cli-cursor@3.1.0:
    dependencies:
      restore-cursor: 3.1.0

  cli-spinners@2.9.2: {}

  cli-width@3.0.0: {}

  clone@1.0.4: {}

  color-convert@2.0.1:
    dependencies:
      color-name: 1.1.4

  color-name@1.1.4: {}

  defaults@1.0.4:
    dependencies:
      clone: 1.0.4

  emoji-regex@8.0.0: {}

  escape-string-regexp@1.0.5: {}

  figures@3.2.0:
    dependencies:
      escape-string-regexp: 1.0.5

  fuse.js@7.1.0: {}

  has-flag@4.0.0: {}

  iconv-lite@0.7.2:
    dependencies:
      safer-buffer: 2.1.2

  ieee754@1.2.1: {}

  inherits@2.0.4: {}

  inquirer@8.2.7(@types/node@20.19.43):
    dependencies:
      '@inquirer/external-editor': 1.0.3(@types/node@20.19.43)
      ansi-escapes: 4.3.2
      chalk: 4.1.2
      cli-cursor: 3.1.0
      cli-width: 3.0.0
      figures: 3.2.0
      lodash: 4.18.1
      mute-stream: 0.0.8
      ora: 5.4.1
      run-async: 2.4.1
      rxjs: 7.8.2
      string-width: 4.2.3
      strip-ansi: 6.0.1
      through: 2.3.8
      wrap-ansi: 6.2.0
    transitivePeerDependencies:
      - '@types/node'

  is-fullwidth-code-point@3.0.0: {}

  is-interactive@1.0.0: {}

  is-unicode-supported@0.1.0: {}

  lodash@4.18.1: {}

  log-symbols@4.1.0:
    dependencies:
      chalk: 4.1.2
      is-unicode-supported: 0.1.0

  mimic-fn@2.1.0: {}

  mute-stream@0.0.8: {}

  onetime@5.1.2:
    dependencies:
      mimic-fn: 2.1.0

  ora@5.4.1:
    dependencies:
      bl: 4.1.0
      chalk: 4.1.2
      cli-cursor: 3.1.0
      cli-spinners: 2.9.2
      is-interactive: 1.0.0
      is-unicode-supported: 0.1.0
      log-symbols: 4.1.0
      strip-ansi: 6.0.1
      wcwidth: 1.0.1

  readable-stream@3.6.2:
    dependencies:
      inherits: 2.0.4
      string_decoder: 1.3.0
      util-deprecate: 1.0.2

  restore-cursor@3.1.0:
    dependencies:
      onetime: 5.1.2
      signal-exit: 3.0.7

  run-async@2.4.1: {}

  rxjs@7.8.2:
    dependencies:
      tslib: 2.8.1

  safe-buffer@5.2.1: {}

  safer-buffer@2.1.2: {}

  signal-exit@3.0.7: {}

  string-width@4.2.3:
    dependencies:
      emoji-regex: 8.0.0
      is-fullwidth-code-point: 3.0.0
      strip-ansi: 6.0.1

  string_decoder@1.3.0:
    dependencies:
      safe-buffer: 5.2.1

  strip-ansi@6.0.1:
    dependencies:
      ansi-regex: 5.0.1

  supports-color@7.2.0:
    dependencies:
      has-flag: 4.0.0

  through@2.3.8: {}

  tslib@2.8.1: {}

  type-fest@0.21.3: {}

  typescript@5.9.3: {}

  undici-types@6.21.0: {}

  util-deprecate@1.0.2: {}

  wcwidth@1.0.1:
    dependencies:
      defaults: 1.0.4

  wrap-ansi@6.2.0:
    dependencies:
      ansi-styles: 4.3.0
      string-width: 4.2.3
      strip-ansi: 6.0.1
